# This file is automatically @generated by Poetry and should not be changed by hand.

[[package]]
name = "codespell"
version = "2.2.2"
description = "Codespell"
category = "dev"
optional = false
python-versions = ">=3.7"
files = [
    {file = "codespell-2.2.2-py3-none-any.whl", hash = "sha256:87dfcd9bdc9b3cb8b067b37f0af22044d7a84e28174adfc8eaa203056b7f9ecc"},
    {file = "codespell-2.2.2.tar.gz", hash = "sha256:c4d00c02b5a2a55661f00d5b4b3b5a710fa803ced9a9d7e45438268b099c319c"},
]

[package.extras]
dev = ["check-manifest", "flake8", "pytest", "pytest-cov", "pytest-dependency", "tomli"]
hard-encoding-detection = ["chardet"]
toml = ["tomli"]

[metadata]
lock-version = "2.0"
python-versions = "^3.9"
content-hash = "54dee4d2cd7837cf585e1006068909f9aa33bd5938354c44872888aab53be1c0"
